
Microsoft Visual Studio Solution File, Format Version 12.00
# Visual Studio 15
VisualStudioVersion = 15.0.28307.421
MinimumVisualStudioVersion = 10.0.40219.1
Project("{FAE04EC0-301F-11D3-BF4B-00C04F79EFBC}") = "Gustavooo", "Gustavooo\Gustavooo.csproj", "{B7965378-39D7-468E-BCC5-8001BF0B6305}"
EndProject
Project("{FAE04EC0-301F-11D3-BF4B-00C04F79EFBC}") = "GustavoooTests3", "GustavoooTests3\GustavoooTests3.csproj", "{CDFAE9DA-4E8B-4628-9E1E-EF6B0F22920D}"
EndProject
Global
	GlobalSection(SolutionConfigurationPlatforms) = preSolution
		Debug|Any CPU = Debug|Any CPU
		Release|Any CPU = Release|Any CPU
	EndGlobalSection
	GlobalSection(ProjectConfigurationPlatforms) = postSolution
		{B7965378-39D7-468E-BCC5-8001BF0B6305}.Debug|Any CPU.ActiveCfg = Debug|Any CPU
		{B7965378-39D7-468E-BCC5-8001BF0B6305}.Debug|Any CPU.Build.0 = Debug|Any CPU
		{B7965378-39D7-468E-BCC5-8001BF0B6305}.Release|Any CPU.ActiveCfg = Release|Any CPU
		{B7965378-39D7-468E-BCC5-8001BF0B6305}.Release|Any CPU.Build.0 = Release|Any CPU
		{CDFAE9DA-4E8B-4628-9E1E-EF6B0F22920D}.Debug|Any CPU.ActiveCfg = Debug|Any CPU
		{CDFAE9DA-4E8B-4628-9E1E-EF6B0F22920D}.Debug|Any CPU.Build.0 = Debug|Any CPU
		{CDFAE9DA-4E8B-4628-9E1E-EF6B0F22920D}.Release|Any CPU.ActiveCfg = Release|Any CPU
		{CDFAE9DA-4E8B-4628-9E1E-EF6B0F22920D}.Release|Any CPU.Build.0 = Release|Any CPU
	EndGlobalSection
	GlobalSection(SolutionProperties) = preSolution
		HideSolutionNode = FALSE
	EndGlobalSection
	GlobalSection(ExtensibilityGlobals) = postSolution
		SolutionGuid = {AAAE7FEE-A59A-4FE6-9F75-DE162C11FEA0}
	EndGlobalSection
EndGlobal
